
Microsoft Visual Studio Solution File, Format Version 12.00
# Visual Studio Version 17
VisualStudioVersion = 17.4.33205.214
MinimumVisualStudioVersion = 10.0.40219.1
Project("{F184B08F-C81C-45F6-A57F-5ABD9991F28F}") = "WpfApp1", "WpfApp1\WpfApp1.vbproj", "{83D38CC4-D558-4F41-92AB-1B73A368D4B5}"
EndProject
Global
	GlobalSection(SolutionConfigurationPlatforms) = preSolution
		Debug|Any CPU = Debug|Any CPU
		Release|Any CPU = Release|Any CPU
	EndGlobalSection
	GlobalSection(ProjectConfigurationPlatforms) = postSolution
		{83D38CC4-D558-4F41-92AB-1B73A368D4B5}.Debug|Any CPU.ActiveCfg = Debug|Any CPU
		{83D38CC4-D558-4F41-92AB-1B73A368D4B5}.Debug|Any CPU.Build.0 = Debug|Any CPU
		{83D38CC4-D558-4F41-92AB-1B73A368D4B5}.Release|Any CPU.ActiveCfg = Release|Any CPU
		{83D38CC4-D558-4F41-92AB-1B73A368D4B5}.Release|Any CPU.Build.0 = Release|Any CPU
	EndGlobalSection
	GlobalSection(SolutionProperties) = preSolution
		HideSolutionNode = FALSE
	EndGlobalSection
	GlobalSection(ExtensibilityGlobals) = postSolution
		SolutionGuid = {68292653-389C-4E8E-B6B3-5F1F57EB69D0}
	EndGlobalSection
EndGlobal
